
Microsoft Visual Studio Solution File, Format Version 12.00
# Visual Studio Version 16
VisualStudioVersion = 16.0.29613.14
MinimumVisualStudioVersion = 10.0.40219.1
Project("{FAE04EC0-301F-11D3-BF4B-00C04F79EFBC}") = "FileEx", "FileEx\FileEx.csproj", "{5C398F6F-3699-441E-AEBC-AF38E2D24F2A}"
EndProject
Global
	GlobalSection(SolutionConfigurationPlatforms) = preSolution
		Debug|Any CPU = Debug|Any CPU
		Release|Any CPU = Release|Any CPU
	EndGlobalSection
	GlobalSection(ProjectConfigurationPlatforms) = postSolution
		{5C398F6F-3699-441E-AEBC-AF38E2D24F2A}.Debug|Any CPU.ActiveCfg = Debug|Any CPU
		{5C398F6F-3699-441E-AEBC-AF38E2D24F2A}.Debug|Any CPU.Build.0 = Debug|Any CPU
		{5C398F6F-3699-441E-AEBC-AF38E2D24F2A}.Release|Any CPU.ActiveCfg = Release|Any CPU
		{5C398F6F-3699-441E-AEBC-AF38E2D24F2A}.Release|Any CPU.Build.0 = Release|Any CPU
	EndGlobalSection
	GlobalSection(SolutionProperties) = preSolution
		HideSolutionNode = FALSE
	EndGlobalSection
	GlobalSection(ExtensibilityGlobals) = postSolution
		SolutionGuid = {81B54635-2DA6-40CE-9F1F-3F4FF4A94DAE}
	EndGlobalSection
EndGlobal
